
Microsoft Visual Studio Solution File, Format Version 12.00
# Visual Studio Version 17
VisualStudioVersion = 17.11.35312.102
MinimumVisualStudioVersion = 10.0.40219.1
Project("{2150E333-8FDC-42A3-9474-1A3956D46DE8}") = "Task0", "Task0", "{6F7AFA72-0880-4FFC-B102-CADF243DBF22}"
EndProject
Project("{FAE04EC0-301F-11D3-BF4B-00C04F79EFBC}") = "Tyuiu.KornevRM.Sprint2.Task0.V30", "Tyuiu.KornevRM.Sprint2.Task0.V30\Tyuiu.KornevRM.Sprint2.Task0.V30.csproj", "{5E6765F0-A3A7-4D1F-937D-BC703048FCEF}"
EndProject
Project("{FAE04EC0-301F-11D3-BF4B-00C04F79EFBC}") = "Tyuiu.KornevRM.Sprint2.Task0.V30.Lib", "Tyuiu.KornevRM.Sprint2.Task0.V30.Lib\Tyuiu.KornevRM.Sprint2.Task0.V30.Lib.csproj", "{DFD50CD7-D3F1-465A-B719-FB411543F6F5}"
EndProject
Project("{FAE04EC0-301F-11D3-BF4B-00C04F79EFBC}") = "Tyuiu.KornevRM.Sprint2.Task0.V30.Test", "Tyuiu.KornevRM.Sprint2.Task0.V30.Test\Tyuiu.KornevRM.Sprint2.Task0.V30.Test.csproj", "{701DF226-C3B7-406C-BD70-0ADC41D67541}"
EndProject
Project("{2150E333-8FDC-42A3-9474-1A3956D46DE8}") = "Task1", "Task1", "{E3E8F52E-236D-4D09-8EA8-7894D3112B75}"
EndProject
Project("{FAE04EC0-301F-11D3-BF4B-00C04F79EFBC}") = "Tyuiu.KornevRM.Sprint2.Task1.V16", "Tyuiu.KornevRM.Sprint2.Task1.V16\Tyuiu.KornevRM.Sprint2.Task1.V16.csproj", "{69207F74-2857-4B95-805F-27B56F580F46}"
EndProject
Project("{FAE04EC0-301F-11D3-BF4B-00C04F79EFBC}") = "Tyuiu.KornevRM.Sprint2.Task1.V16.Lib", "Tyuiu.KornevRM.Sprint2.Task1.V16.Lib\Tyuiu.KornevRM.Sprint2.Task1.V16.Lib.csproj", "{F83A9EA2-0F54-4474-85F3-4493283E2700}"
EndProject
Project("{FAE04EC0-301F-11D3-BF4B-00C04F79EFBC}") = "Tyuiu.KornevRM.Sprint2.Task1.V16.Test", "Tyuiu.KornevRM.Sprint2.Task1.V16.Test\Tyuiu.KornevRM.Sprint2.Task1.V16.Test.csproj", "{BD9B1193-D463-4779-B9CD-C33010D68E12}"
EndProject
Project("{2150E333-8FDC-42A3-9474-1A3956D46DE8}") = "Task2", "Task2", "{1A2ADB5C-E9A1-4C45-9C44-EC116298603C}"
EndProject
Project("{FAE04EC0-301F-11D3-BF4B-00C04F79EFBC}") = "Tyuiu.KornevRM.Sprint2.Task2.V8", "Tyuiu.KornevRM.Sprint2.Task2.V8\Tyuiu.KornevRM.Sprint2.Task2.V8.csproj", "{5C8A2F33-FF5D-431B-AC9B-F4273AD3A03F}"
EndProject
Project("{FAE04EC0-301F-11D3-BF4B-00C04F79EFBC}") = "Tyuiu.KornevRM.Sprint2.Task2.V8.Lib", "Tyuiu.KornevRM.Sprint2.Task2.V8.Lib\Tyuiu.KornevRM.Sprint2.Task2.V8.Lib.csproj", "{9AB01B39-0095-4F8C-A514-E67E5B25B24F}"
EndProject
Project("{FAE04EC0-301F-11D3-BF4B-00C04F79EFBC}") = "Tyuiu.KornevRM.Sprint2.Task2.V8.Test", "Tyuiu.KornevRM.Sprint2.Task2.V8.Test\Tyuiu.KornevRM.Sprint2.Task2.V8.Test.csproj", "{7F50F97E-0507-41D7-8C89-614E367044A9}"
EndProject
Global
	GlobalSection(SolutionConfigurationPlatforms) = preSolution
		Debug|Any CPU = Debug|Any CPU
		Release|Any CPU = Release|Any CPU
	EndGlobalSection
	GlobalSection(ProjectConfigurationPlatforms) = postSolution
		{5E6765F0-A3A7-4D1F-937D-BC703048FCEF}.Debug|Any CPU.ActiveCfg = Debug|Any CPU
		{5E6765F0-A3A7-4D1F-937D-BC703048FCEF}.Debug|Any CPU.Build.0 = Debug|Any CPU
		{5E6765F0-A3A7-4D1F-937D-BC703048FCEF}.Release|Any CPU.ActiveCfg = Release|Any CPU
		{5E6765F0-A3A7-4D1F-937D-BC703048FCEF}.Release|Any CPU.Build.0 = Release|Any CPU
		{DFD50CD7-D3F1-465A-B719-FB411543F6F5}.Debug|Any CPU.ActiveCfg = Debug|Any CPU
		{DFD50CD7-D3F1-465A-B719-FB411543F6F5}.Debug|Any CPU.Build.0 = Debug|Any CPU
		{DFD50CD7-D3F1-465A-B719-FB411543F6F5}.Release|Any CPU.ActiveCfg = Release|Any CPU
		{DFD50CD7-D3F1-465A-B719-FB411543F6F5}.Release|Any CPU.Build.0 = Release|Any CPU
		{701DF226-C3B7-406C-BD70-0ADC41D67541}.Debug|Any CPU.ActiveCfg = Debug|Any CPU
		{701DF226-C3B7-406C-BD70-0ADC41D67541}.Debug|Any CPU.Build.0 = Debug|Any CPU
		{701DF226-C3B7-406C-BD70-0ADC41D67541}.Release|Any CPU.ActiveCfg = Release|Any CPU
		{701DF226-C3B7-406C-BD70-0ADC41D67541}.Release|Any CPU.Build.0 = Release|Any CPU
		{69207F74-2857-4B95-805F-27B56F580F46}.Debug|Any CPU.ActiveCfg = Debug|Any CPU
		{69207F74-2857-4B95-805F-27B56F580F46}.Debug|Any CPU.Build.0 = Debug|Any CPU
		{69207F74-2857-4B95-805F-27B56F580F46}.Release|Any CPU.ActiveCfg = Release|Any CPU
		{69207F74-2857-4B95-805F-27B56F580F46}.Release|Any CPU.Build.0 = Release|Any CPU
		{F83A9EA2-0F54-4474-85F3-4493283E2700}.Debug|Any CPU.ActiveCfg = Debug|Any CPU
		{F83A9EA2-0F54-4474-85F3-4493283E2700}.Debug|Any CPU.Build.0 = Debug|Any CPU
		{F83A9EA2-0F54-4474-85F3-4493283E2700}.Release|Any CPU.ActiveCfg = Release|Any CPU
		{F83A9EA2-0F54-4474-85F3-4493283E2700}.Release|Any CPU.Build.0 = Release|Any CPU
		{BD9B1193-D463-4779-B9CD-C33010D68E12}.Debug|Any CPU.ActiveCfg = Debug|Any CPU
		{BD9B1193-D463-4779-B9CD-C33010D68E12}.Debug|Any CPU.Build.0 = Debug|Any CPU
		{BD9B1193-D463-4779-B9CD-C33010D68E12}.Release|Any CPU.ActiveCfg = Release|Any CPU
		{BD9B1193-D463-4779-B9CD-C33010D68E12}.Release|Any CPU.Build.0 = Release|Any CPU
		{5C8A2F33-FF5D-431B-AC9B-F4273AD3A03F}.Debug|Any CPU.ActiveCfg = Debug|Any CPU
		{5C8A2F33-FF5D-431B-AC9B-F4273AD3A03F}.Debug|Any CPU.Build.0 = Debug|Any CPU
		{5C8A2F33-FF5D-431B-AC9B-F4273AD3A03F}.Release|Any CPU.ActiveCfg = Release|Any CPU
		{5C8A2F33-FF5D-431B-AC9B-F4273AD3A03F}.Release|Any CPU.Build.0 = Release|Any CPU
		{9AB01B39-0095-4F8C-A514-E67E5B25B24F}.Debug|Any CPU.ActiveCfg = Debug|Any CPU
		{9AB01B39-0095-4F8C-A514-E67E5B25B24F}.Debug|Any CPU.Build.0 = Debug|Any CPU
		{9AB01B39-0095-4F8C-A514-E67E5B25B24F}.Release|Any CPU.ActiveCfg = Release|Any CPU
		{9AB01B39-0095-4F8C-A514-E67E5B25B24F}.Release|Any CPU.Build.0 = Release|Any CPU
		{7F50F97E-0507-41D7-8C89-614E367044A9}.Debug|Any CPU.ActiveCfg = Debug|Any CPU
		{7F50F97E-0507-41D7-8C89-614E367044A9}.Debug|Any CPU.Build.0 = Debug|Any CPU
		{7F50F97E-0507-41D7-8C89-614E367044A9}.Release|Any CPU.ActiveCfg = Release|Any CPU
		{7F50F97E-0507-41D7-8C89-614E367044A9}.Release|Any CPU.Build.0 = Release|Any CPU
	EndGlobalSection
	GlobalSection(SolutionProperties) = preSolution
		HideSolutionNode = FALSE
	EndGlobalSection
	GlobalSection(NestedProjects) = preSolution
		{5E6765F0-A3A7-4D1F-937D-BC703048FCEF} = {6F7AFA72-0880-4FFC-B102-CADF243DBF22}
		{DFD50CD7-D3F1-465A-B719-FB411543F6F5} = {6F7AFA72-0880-4FFC-B102-CADF243DBF22}
		{701DF226-C3B7-406C-BD70-0ADC41D67541} = {6F7AFA72-0880-4FFC-B102-CADF243DBF22}
		{69207F74-2857-4B95-805F-27B56F580F46} = {E3E8F52E-236D-4D09-8EA8-7894D3112B75}
		{F83A9EA2-0F54-4474-85F3-4493283E2700} = {E3E8F52E-236D-4D09-8EA8-7894D3112B75}
		{BD9B1193-D463-4779-B9CD-C33010D68E12} = {E3E8F52E-236D-4D09-8EA8-7894D3112B75}
		{5C8A2F33-FF5D-431B-AC9B-F4273AD3A03F} = {1A2ADB5C-E9A1-4C45-9C44-EC116298603C}
		{9AB01B39-0095-4F8C-A514-E67E5B25B24F} = {1A2ADB5C-E9A1-4C45-9C44-EC116298603C}
		{7F50F97E-0507-41D7-8C89-614E367044A9} = {1A2ADB5C-E9A1-4C45-9C44-EC116298603C}
	EndGlobalSection
	GlobalSection(ExtensibilityGlobals) = postSolution
		SolutionGuid = {B914EEEA-7163-40DC-9A1E-9F2DE2B5A2A8}
	EndGlobalSection
EndGlobal
