
Microsoft Visual Studio Solution File, Format Version 12.00
# Visual Studio Version 17
VisualStudioVersion = 17.11.35312.102
MinimumVisualStudioVersion = 10.0.40219.1
Project("{2150E333-8FDC-42A3-9474-1A3956D46DE8}") = "Task0", "Task0", "{6F7AFA72-0880-4FFC-B102-CADF243DBF22}"
EndProject
Project("{FAE04EC0-301F-11D3-BF4B-00C04F79EFBC}") = "Tyuiu.KornevRM.Sprint2.Task0.V30", "Tyuiu.KornevRM.Sprint2.Task0.V30\Tyuiu.KornevRM.Sprint2.Task0.V30.csproj", "{5E6765F0-A3A7-4D1F-937D-BC703048FCEF}"
EndProject
Project("{FAE04EC0-301F-11D3-BF4B-00C04F79EFBC}") = "Tyuiu.KornevRM.Sprint2.Task0.V30.Lib", "Tyuiu.KornevRM.Sprint2.Task0.V30.Lib\Tyuiu.KornevRM.Sprint2.Task0.V30.Lib.csproj", "{DFD50CD7-D3F1-465A-B719-FB411543F6F5}"
EndProject
Project("{FAE04EC0-301F-11D3-BF4B-00C04F79EFBC}") = "Tyuiu.KornevRM.Sprint2.Task0.V30.Test", "Tyuiu.KornevRM.Sprint2.Task0.V30.Test\Tyuiu.KornevRM.Sprint2.Task0.V30.Test.csproj", "{701DF226-C3B7-406C-BD70-0ADC41D67541}"
EndProject
Global
	GlobalSection(SolutionConfigurationPlatforms) = preSolution
		Debug|Any CPU = Debug|Any CPU
		Release|Any CPU = Release|Any CPU
	EndGlobalSection
	GlobalSection(ProjectConfigurationPlatforms) = postSolution
		{5E6765F0-A3A7-4D1F-937D-BC703048FCEF}.Debug|Any CPU.ActiveCfg = Debug|Any CPU
		{5E6765F0-A3A7-4D1F-937D-BC703048FCEF}.Debug|Any CPU.Build.0 = Debug|Any CPU
		{5E6765F0-A3A7-4D1F-937D-BC703048FCEF}.Release|Any CPU.ActiveCfg = Release|Any CPU
		{5E6765F0-A3A7-4D1F-937D-BC703048FCEF}.Release|Any CPU.Build.0 = Release|Any CPU
		{DFD50CD7-D3F1-465A-B719-FB411543F6F5}.Debug|Any CPU.ActiveCfg = Debug|Any CPU
		{DFD50CD7-D3F1-465A-B719-FB411543F6F5}.Debug|Any CPU.Build.0 = Debug|Any CPU
		{DFD50CD7-D3F1-465A-B719-FB411543F6F5}.Release|Any CPU.ActiveCfg = Release|Any CPU
		{DFD50CD7-D3F1-465A-B719-FB411543F6F5}.Release|Any CPU.Build.0 = Release|Any CPU
		{701DF226-C3B7-406C-BD70-0ADC41D67541}.Debug|Any CPU.ActiveCfg = Debug|Any CPU
		{701DF226-C3B7-406C-BD70-0ADC41D67541}.Debug|Any CPU.Build.0 = Debug|Any CPU
		{701DF226-C3B7-406C-BD70-0ADC41D67541}.Release|Any CPU.ActiveCfg = Release|Any CPU
		{701DF226-C3B7-406C-BD70-0ADC41D67541}.Release|Any CPU.Build.0 = Release|Any CPU
	EndGlobalSection
	GlobalSection(SolutionProperties) = preSolution
		HideSolutionNode = FALSE
	EndGlobalSection
	GlobalSection(NestedProjects) = preSolution
		{5E6765F0-A3A7-4D1F-937D-BC703048FCEF} = {6F7AFA72-0880-4FFC-B102-CADF243DBF22}
		{DFD50CD7-D3F1-465A-B719-FB411543F6F5} = {6F7AFA72-0880-4FFC-B102-CADF243DBF22}
		{701DF226-C3B7-406C-BD70-0ADC41D67541} = {6F7AFA72-0880-4FFC-B102-CADF243DBF22}
	EndGlobalSection
	GlobalSection(ExtensibilityGlobals) = postSolution
		SolutionGuid = {B914EEEA-7163-40DC-9A1E-9F2DE2B5A2A8}
	EndGlobalSection
EndGlobal
