
Microsoft Visual Studio Solution File, Format Version 12.00
# Visual Studio Version 17
VisualStudioVersion = 17.11.35312.102
MinimumVisualStudioVersion = 10.0.40219.1
Project("{2150E333-8FDC-42A3-9474-1A3956D46DE8}") = "Task0", "Task0", "{6F7AFA72-0880-4FFC-B102-CADF243DBF22}"
EndProject
Project("{9A19103F-16F7-4668-BE54-9A1E7A4F7556}") = "Tyuiu.KornevRM.Sprint2.Task0.V30", "Tyuiu.KornevRM.Sprint2.Task0.V30\Tyuiu.KornevRM.Sprint2.Task0.V30.csproj", "{5E6765F0-A3A7-4D1F-937D-BC703048FCEF}"
EndProject
Project("{9A19103F-16F7-4668-BE54-9A1E7A4F7556}") = "Tyuiu.KornevRM.Sprint2.Task0.V30.Lib", "Tyuiu.KornevRM.Sprint2.Task0.V30.Lib\Tyuiu.KornevRM.Sprint2.Task0.V30.Lib.csproj", "{DFD50CD7-D3F1-465A-B719-FB411543F6F5}"
EndProject
Project("{9A19103F-16F7-4668-BE54-9A1E7A4F7556}") = "Tyuiu.KornevRM.Sprint2.Task0.V30.Test", "Tyuiu.KornevRM.Sprint2.Task0.V30.Test\Tyuiu.KornevRM.Sprint2.Task0.V30.Test.csproj", "{701DF226-C3B7-406C-BD70-0ADC41D67541}"
EndProject
Project("{2150E333-8FDC-42A3-9474-1A3956D46DE8}") = "Task1", "Task1", "{E3E8F52E-236D-4D09-8EA8-7894D3112B75}"
EndProject
Project("{9A19103F-16F7-4668-BE54-9A1E7A4F7556}") = "Tyuiu.KornevRM.Sprint2.Task1.V16", "Tyuiu.KornevRM.Sprint2.Task1.V16\Tyuiu.KornevRM.Sprint2.Task1.V16.csproj", "{69207F74-2857-4B95-805F-27B56F580F46}"
EndProject
Project("{9A19103F-16F7-4668-BE54-9A1E7A4F7556}") = "Tyuiu.KornevRM.Sprint2.Task1.V16.Lib", "Tyuiu.KornevRM.Sprint2.Task1.V16.Lib\Tyuiu.KornevRM.Sprint2.Task1.V16.Lib.csproj", "{F83A9EA2-0F54-4474-85F3-4493283E2700}"
EndProject
Project("{9A19103F-16F7-4668-BE54-9A1E7A4F7556}") = "Tyuiu.KornevRM.Sprint2.Task1.V16.Test", "Tyuiu.KornevRM.Sprint2.Task1.V16.Test\Tyuiu.KornevRM.Sprint2.Task1.V16.Test.csproj", "{BD9B1193-D463-4779-B9CD-C33010D68E12}"
EndProject
Project("{2150E333-8FDC-42A3-9474-1A3956D46DE8}") = "Task2", "Task2", "{1A2ADB5C-E9A1-4C45-9C44-EC116298603C}"
EndProject
Project("{9A19103F-16F7-4668-BE54-9A1E7A4F7556}") = "Tyuiu.KornevRM.Sprint2.Task2.V8", "Tyuiu.KornevRM.Sprint2.Task2.V8\Tyuiu.KornevRM.Sprint2.Task2.V8.csproj", "{5C8A2F33-FF5D-431B-AC9B-F4273AD3A03F}"
EndProject
Project("{9A19103F-16F7-4668-BE54-9A1E7A4F7556}") = "Tyuiu.KornevRM.Sprint2.Task2.V8.Lib", "Tyuiu.KornevRM.Sprint2.Task2.V8.Lib\Tyuiu.KornevRM.Sprint2.Task2.V8.Lib.csproj", "{9AB01B39-0095-4F8C-A514-E67E5B25B24F}"
EndProject
Project("{9A19103F-16F7-4668-BE54-9A1E7A4F7556}") = "Tyuiu.KornevRM.Sprint2.Task2.V8.Test", "Tyuiu.KornevRM.Sprint2.Task2.V8.Test\Tyuiu.KornevRM.Sprint2.Task2.V8.Test.csproj", "{7F50F97E-0507-41D7-8C89-614E367044A9}"
EndProject
Project("{2150E333-8FDC-42A3-9474-1A3956D46DE8}") = "Task3", "Task3", "{64BF3DA4-239F-417C-8253-EE598BDEA464}"
EndProject
Project("{9A19103F-16F7-4668-BE54-9A1E7A4F7556}") = "Tyuiu.KornevRM.Sprint2.Task3.V2", "Tyuiu.KornevRM.Sprint2.Task3.V2\Tyuiu.KornevRM.Sprint2.Task3.V2.csproj", "{E4A10E62-4661-43FE-AA76-A9884AC1A226}"
EndProject
Project("{9A19103F-16F7-4668-BE54-9A1E7A4F7556}") = "Tyuiu.KornevRM.Sprint2.Task3.V2.Lib", "Tyuiu.KornevRM.Sprint2.Task3.V2.Lib\Tyuiu.KornevRM.Sprint2.Task3.V2.Lib.csproj", "{876E372A-618E-4092-8EC2-2FE34850DB5D}"
EndProject
Project("{9A19103F-16F7-4668-BE54-9A1E7A4F7556}") = "Tyuiu.KornevRM.Sprint2.Task3.V2.Test", "Tyuiu.KornevRM.Sprint2.Task3.V2.Test\Tyuiu.KornevRM.Sprint2.Task3.V2.Test.csproj", "{3547AA1A-C812-4F68-9456-74ACC7262076}"
EndProject
Project("{2150E333-8FDC-42A3-9474-1A3956D46DE8}") = "Task4", "Task4", "{8CE69BCC-89BD-49E5-B33D-59486C4B70EB}"
EndProject
Project("{9A19103F-16F7-4668-BE54-9A1E7A4F7556}") = "Tyuiu.KornevRM.Sprint2.Task4.V9", "Tyuiu.KornevRM.Sprint2.Task4.V9\Tyuiu.KornevRM.Sprint2.Task4.V9.csproj", "{8E2BE71E-6A73-43F6-BF8D-7B1E19F3BE68}"
EndProject
Project("{9A19103F-16F7-4668-BE54-9A1E7A4F7556}") = "Tyuiu.KornevRM.Sprint2.Task4.V9.Lib", "Tyuiu.KornevRM.Sprint2.Task4.V9.Lib\Tyuiu.KornevRM.Sprint2.Task4.V9.Lib.csproj", "{EC2BD0E5-843C-4CC3-914B-2C12494A8184}"
EndProject
Project("{9A19103F-16F7-4668-BE54-9A1E7A4F7556}") = "Tyuiu.KornevRM.Sprint2.Task4.V9.Test", "Tyuiu.KornevRM.Sprint2.Task4.V9.Test\Tyuiu.KornevRM.Sprint2.Task4.V9.Test.csproj", "{AE57C982-9CFD-42CD-A09E-94C0533D7848}"
EndProject
Project("{2150E333-8FDC-42A3-9474-1A3956D46DE8}") = "Task5", "Task5", "{9CE3EF99-9AD7-455A-AACC-DAA1A43701E8}"
EndProject
Project("{9A19103F-16F7-4668-BE54-9A1E7A4F7556}") = "Tyuiu.KornevRM.Sprint2.Task5.V12", "Tyuiu.KornevRM.Sprint2.Task5.V12\Tyuiu.KornevRM.Sprint2.Task5.V12.csproj", "{4FA7537A-0727-4503-B814-52D176642814}"
EndProject
Project("{9A19103F-16F7-4668-BE54-9A1E7A4F7556}") = "Tyuiu.KornevRM.Sprint2.Task5.V12.Lib", "Tyuiu.KornevRM.Sprint2.Task5.V12.Lib\Tyuiu.KornevRM.Sprint2.Task5.V12.Lib.csproj", "{A48907D3-A36D-4B68-B684-7A4C1812CB4B}"
EndProject
Project("{9A19103F-16F7-4668-BE54-9A1E7A4F7556}") = "Tyuiu.KornevRM.Sprint2.Task5.V12.Test", "Tyuiu.KornevRM.Sprint2.Task5.V12.Test\Tyuiu.KornevRM.Sprint2.Task5.V12.Test.csproj", "{86CF1EC4-3FC5-4200-BC04-216504892E15}"
EndProject
Project("{2150E333-8FDC-42A3-9474-1A3956D46DE8}") = "Task6", "Task6", "{3287055F-2F23-4661-A705-2998B97AEF5F}"
EndProject
Project("{FAE04EC0-301F-11D3-BF4B-00C04F79EFBC}") = "Tyuiu.KornevRM.Sprint2.Task6.V7", "Tyuiu.KornevRM.Sprint2.Task6.V7\Tyuiu.KornevRM.Sprint2.Task6.V7.csproj", "{DCD17773-4FBD-4C86-A590-44EEA38B441A}"
EndProject
Project("{FAE04EC0-301F-11D3-BF4B-00C04F79EFBC}") = "Tyuiu.KornevRM.Sprint2.Task6.V7.Lib", "Tyuiu.KornevRM.Sprint2.Task6.V7.Lib\Tyuiu.KornevRM.Sprint2.Task6.V7.Lib.csproj", "{EE7B8A42-6B8D-4BA3-9D2E-27B0D2F22717}"
EndProject
Project("{FAE04EC0-301F-11D3-BF4B-00C04F79EFBC}") = "Tyuiu.KornevRM.Sprint2.Task6.V7.Test", "Tyuiu.KornevRM.Sprint2.Task6.V7.Test\Tyuiu.KornevRM.Sprint2.Task6.V7.Test.csproj", "{89931A3F-E714-4AD3-9930-D8BFE9ACE4F4}"
EndProject
Project("{2150E333-8FDC-42A3-9474-1A3956D46DE8}") = "Task7", "Task7", "{34B767CF-4687-462F-BB0D-7517B137401D}"
EndProject
Project("{FAE04EC0-301F-11D3-BF4B-00C04F79EFBC}") = "Tyuiu.KornevRM.Sprint2.Task7.V7", "Tyuiu.KornevRM.Sprint2.Task7.V7\Tyuiu.KornevRM.Sprint2.Task7.V7.csproj", "{C2E79E6C-7A44-4A33-AD71-0535BD06D483}"
EndProject
Project("{FAE04EC0-301F-11D3-BF4B-00C04F79EFBC}") = "Tyuiu.KornevRM.Sprint2.Task7.V7.Lib", "Tyuiu.KornevRM.Sprint2.Task7.V7.Lib\Tyuiu.KornevRM.Sprint2.Task7.V7.Lib.csproj", "{8E4AC5AA-933B-4056-B6BC-E70126D1B423}"
EndProject
Project("{FAE04EC0-301F-11D3-BF4B-00C04F79EFBC}") = "Tyuiu.KornevRM.Sprint2.Task7.V7.Test", "Tyuiu.KornevRM.Sprint2.Task7.V7.Test\Tyuiu.KornevRM.Sprint2.Task7.V7.Test.csproj", "{B8FF10DF-2BA5-4564-B769-9B4453B6EAE9}"
EndProject
Global
	GlobalSection(SolutionConfigurationPlatforms) = preSolution
		Debug|Any CPU = Debug|Any CPU
		Release|Any CPU = Release|Any CPU
	EndGlobalSection
	GlobalSection(ProjectConfigurationPlatforms) = postSolution
		{5E6765F0-A3A7-4D1F-937D-BC703048FCEF}.Debug|Any CPU.ActiveCfg = Debug|Any CPU
		{5E6765F0-A3A7-4D1F-937D-BC703048FCEF}.Debug|Any CPU.Build.0 = Debug|Any CPU
		{5E6765F0-A3A7-4D1F-937D-BC703048FCEF}.Release|Any CPU.ActiveCfg = Release|Any CPU
		{5E6765F0-A3A7-4D1F-937D-BC703048FCEF}.Release|Any CPU.Build.0 = Release|Any CPU
		{DFD50CD7-D3F1-465A-B719-FB411543F6F5}.Debug|Any CPU.ActiveCfg = Debug|Any CPU
		{DFD50CD7-D3F1-465A-B719-FB411543F6F5}.Debug|Any CPU.Build.0 = Debug|Any CPU
		{DFD50CD7-D3F1-465A-B719-FB411543F6F5}.Release|Any CPU.ActiveCfg = Release|Any CPU
		{DFD50CD7-D3F1-465A-B719-FB411543F6F5}.Release|Any CPU.Build.0 = Release|Any CPU
		{701DF226-C3B7-406C-BD70-0ADC41D67541}.Debug|Any CPU.ActiveCfg = Debug|Any CPU
		{701DF226-C3B7-406C-BD70-0ADC41D67541}.Debug|Any CPU.Build.0 = Debug|Any CPU
		{701DF226-C3B7-406C-BD70-0ADC41D67541}.Release|Any CPU.ActiveCfg = Release|Any CPU
		{701DF226-C3B7-406C-BD70-0ADC41D67541}.Release|Any CPU.Build.0 = Release|Any CPU
		{69207F74-2857-4B95-805F-27B56F580F46}.Debug|Any CPU.ActiveCfg = Debug|Any CPU
		{69207F74-2857-4B95-805F-27B56F580F46}.Debug|Any CPU.Build.0 = Debug|Any CPU
		{69207F74-2857-4B95-805F-27B56F580F46}.Release|Any CPU.ActiveCfg = Release|Any CPU
		{69207F74-2857-4B95-805F-27B56F580F46}.Release|Any CPU.Build.0 = Release|Any CPU
		{F83A9EA2-0F54-4474-85F3-4493283E2700}.Debug|Any CPU.ActiveCfg = Debug|Any CPU
		{F83A9EA2-0F54-4474-85F3-4493283E2700}.Debug|Any CPU.Build.0 = Debug|Any CPU
		{F83A9EA2-0F54-4474-85F3-4493283E2700}.Release|Any CPU.ActiveCfg = Release|Any CPU
		{F83A9EA2-0F54-4474-85F3-4493283E2700}.Release|Any CPU.Build.0 = Release|Any CPU
		{BD9B1193-D463-4779-B9CD-C33010D68E12}.Debug|Any CPU.ActiveCfg = Debug|Any CPU
		{BD9B1193-D463-4779-B9CD-C33010D68E12}.Debug|Any CPU.Build.0 = Debug|Any CPU
		{BD9B1193-D463-4779-B9CD-C33010D68E12}.Release|Any CPU.ActiveCfg = Release|Any CPU
		{BD9B1193-D463-4779-B9CD-C33010D68E12}.Release|Any CPU.Build.0 = Release|Any CPU
		{5C8A2F33-FF5D-431B-AC9B-F4273AD3A03F}.Debug|Any CPU.ActiveCfg = Debug|Any CPU
		{5C8A2F33-FF5D-431B-AC9B-F4273AD3A03F}.Debug|Any CPU.Build.0 = Debug|Any CPU
		{5C8A2F33-FF5D-431B-AC9B-F4273AD3A03F}.Release|Any CPU.ActiveCfg = Release|Any CPU
		{5C8A2F33-FF5D-431B-AC9B-F4273AD3A03F}.Release|Any CPU.Build.0 = Release|Any CPU
		{9AB01B39-0095-4F8C-A514-E67E5B25B24F}.Debug|Any CPU.ActiveCfg = Debug|Any CPU
		{9AB01B39-0095-4F8C-A514-E67E5B25B24F}.Debug|Any CPU.Build.0 = Debug|Any CPU
		{9AB01B39-0095-4F8C-A514-E67E5B25B24F}.Release|Any CPU.ActiveCfg = Release|Any CPU
		{9AB01B39-0095-4F8C-A514-E67E5B25B24F}.Release|Any CPU.Build.0 = Release|Any CPU
		{7F50F97E-0507-41D7-8C89-614E367044A9}.Debug|Any CPU.ActiveCfg = Debug|Any CPU
		{7F50F97E-0507-41D7-8C89-614E367044A9}.Debug|Any CPU.Build.0 = Debug|Any CPU
		{7F50F97E-0507-41D7-8C89-614E367044A9}.Release|Any CPU.ActiveCfg = Release|Any CPU
		{7F50F97E-0507-41D7-8C89-614E367044A9}.Release|Any CPU.Build.0 = Release|Any CPU
		{E4A10E62-4661-43FE-AA76-A9884AC1A226}.Debug|Any CPU.ActiveCfg = Debug|Any CPU
		{E4A10E62-4661-43FE-AA76-A9884AC1A226}.Debug|Any CPU.Build.0 = Debug|Any CPU
		{E4A10E62-4661-43FE-AA76-A9884AC1A226}.Release|Any CPU.ActiveCfg = Release|Any CPU
		{E4A10E62-4661-43FE-AA76-A9884AC1A226}.Release|Any CPU.Build.0 = Release|Any CPU
		{876E372A-618E-4092-8EC2-2FE34850DB5D}.Debug|Any CPU.ActiveCfg = Debug|Any CPU
		{876E372A-618E-4092-8EC2-2FE34850DB5D}.Debug|Any CPU.Build.0 = Debug|Any CPU
		{876E372A-618E-4092-8EC2-2FE34850DB5D}.Release|Any CPU.ActiveCfg = Release|Any CPU
		{876E372A-618E-4092-8EC2-2FE34850DB5D}.Release|Any CPU.Build.0 = Release|Any CPU
		{3547AA1A-C812-4F68-9456-74ACC7262076}.Debug|Any CPU.ActiveCfg = Debug|Any CPU
		{3547AA1A-C812-4F68-9456-74ACC7262076}.Debug|Any CPU.Build.0 = Debug|Any CPU
		{3547AA1A-C812-4F68-9456-74ACC7262076}.Release|Any CPU.ActiveCfg = Release|Any CPU
		{3547AA1A-C812-4F68-9456-74ACC7262076}.Release|Any CPU.Build.0 = Release|Any CPU
		{8E2BE71E-6A73-43F6-BF8D-7B1E19F3BE68}.Debug|Any CPU.ActiveCfg = Debug|Any CPU
		{8E2BE71E-6A73-43F6-BF8D-7B1E19F3BE68}.Debug|Any CPU.Build.0 = Debug|Any CPU
		{8E2BE71E-6A73-43F6-BF8D-7B1E19F3BE68}.Release|Any CPU.ActiveCfg = Release|Any CPU
		{8E2BE71E-6A73-43F6-BF8D-7B1E19F3BE68}.Release|Any CPU.Build.0 = Release|Any CPU
		{EC2BD0E5-843C-4CC3-914B-2C12494A8184}.Debug|Any CPU.ActiveCfg = Debug|Any CPU
		{EC2BD0E5-843C-4CC3-914B-2C12494A8184}.Debug|Any CPU.Build.0 = Debug|Any CPU
		{EC2BD0E5-843C-4CC3-914B-2C12494A8184}.Release|Any CPU.ActiveCfg = Release|Any CPU
		{EC2BD0E5-843C-4CC3-914B-2C12494A8184}.Release|Any CPU.Build.0 = Release|Any CPU
		{AE57C982-9CFD-42CD-A09E-94C0533D7848}.Debug|Any CPU.ActiveCfg = Debug|Any CPU
		{AE57C982-9CFD-42CD-A09E-94C0533D7848}.Debug|Any CPU.Build.0 = Debug|Any CPU
		{AE57C982-9CFD-42CD-A09E-94C0533D7848}.Release|Any CPU.ActiveCfg = Release|Any CPU
		{AE57C982-9CFD-42CD-A09E-94C0533D7848}.Release|Any CPU.Build.0 = Release|Any CPU
		{4FA7537A-0727-4503-B814-52D176642814}.Debug|Any CPU.ActiveCfg = Debug|Any CPU
		{4FA7537A-0727-4503-B814-52D176642814}.Debug|Any CPU.Build.0 = Debug|Any CPU
		{4FA7537A-0727-4503-B814-52D176642814}.Release|Any CPU.ActiveCfg = Release|Any CPU
		{4FA7537A-0727-4503-B814-52D176642814}.Release|Any CPU.Build.0 = Release|Any CPU
		{A48907D3-A36D-4B68-B684-7A4C1812CB4B}.Debug|Any CPU.ActiveCfg = Debug|Any CPU
		{A48907D3-A36D-4B68-B684-7A4C1812CB4B}.Debug|Any CPU.Build.0 = Debug|Any CPU
		{A48907D3-A36D-4B68-B684-7A4C1812CB4B}.Release|Any CPU.ActiveCfg = Release|Any CPU
		{A48907D3-A36D-4B68-B684-7A4C1812CB4B}.Release|Any CPU.Build.0 = Release|Any CPU
		{86CF1EC4-3FC5-4200-BC04-216504892E15}.Debug|Any CPU.ActiveCfg = Debug|Any CPU
		{86CF1EC4-3FC5-4200-BC04-216504892E15}.Debug|Any CPU.Build.0 = Debug|Any CPU
		{86CF1EC4-3FC5-4200-BC04-216504892E15}.Release|Any CPU.ActiveCfg = Release|Any CPU
		{86CF1EC4-3FC5-4200-BC04-216504892E15}.Release|Any CPU.Build.0 = Release|Any CPU
		{DCD17773-4FBD-4C86-A590-44EEA38B441A}.Debug|Any CPU.ActiveCfg = Debug|Any CPU
		{DCD17773-4FBD-4C86-A590-44EEA38B441A}.Debug|Any CPU.Build.0 = Debug|Any CPU
		{DCD17773-4FBD-4C86-A590-44EEA38B441A}.Release|Any CPU.ActiveCfg = Release|Any CPU
		{DCD17773-4FBD-4C86-A590-44EEA38B441A}.Release|Any CPU.Build.0 = Release|Any CPU
		{EE7B8A42-6B8D-4BA3-9D2E-27B0D2F22717}.Debug|Any CPU.ActiveCfg = Debug|Any CPU
		{EE7B8A42-6B8D-4BA3-9D2E-27B0D2F22717}.Debug|Any CPU.Build.0 = Debug|Any CPU
		{EE7B8A42-6B8D-4BA3-9D2E-27B0D2F22717}.Release|Any CPU.ActiveCfg = Release|Any CPU
		{EE7B8A42-6B8D-4BA3-9D2E-27B0D2F22717}.Release|Any CPU.Build.0 = Release|Any CPU
		{89931A3F-E714-4AD3-9930-D8BFE9ACE4F4}.Debug|Any CPU.ActiveCfg = Debug|Any CPU
		{89931A3F-E714-4AD3-9930-D8BFE9ACE4F4}.Debug|Any CPU.Build.0 = Debug|Any CPU
		{89931A3F-E714-4AD3-9930-D8BFE9ACE4F4}.Release|Any CPU.ActiveCfg = Release|Any CPU
		{89931A3F-E714-4AD3-9930-D8BFE9ACE4F4}.Release|Any CPU.Build.0 = Release|Any CPU
		{C2E79E6C-7A44-4A33-AD71-0535BD06D483}.Debug|Any CPU.ActiveCfg = Debug|Any CPU
		{C2E79E6C-7A44-4A33-AD71-0535BD06D483}.Debug|Any CPU.Build.0 = Debug|Any CPU
		{C2E79E6C-7A44-4A33-AD71-0535BD06D483}.Release|Any CPU.ActiveCfg = Release|Any CPU
		{C2E79E6C-7A44-4A33-AD71-0535BD06D483}.Release|Any CPU.Build.0 = Release|Any CPU
		{8E4AC5AA-933B-4056-B6BC-E70126D1B423}.Debug|Any CPU.ActiveCfg = Debug|Any CPU
		{8E4AC5AA-933B-4056-B6BC-E70126D1B423}.Debug|Any CPU.Build.0 = Debug|Any CPU
		{8E4AC5AA-933B-4056-B6BC-E70126D1B423}.Release|Any CPU.ActiveCfg = Release|Any CPU
		{8E4AC5AA-933B-4056-B6BC-E70126D1B423}.Release|Any CPU.Build.0 = Release|Any CPU
		{B8FF10DF-2BA5-4564-B769-9B4453B6EAE9}.Debug|Any CPU.ActiveCfg = Debug|Any CPU
		{B8FF10DF-2BA5-4564-B769-9B4453B6EAE9}.Debug|Any CPU.Build.0 = Debug|Any CPU
		{B8FF10DF-2BA5-4564-B769-9B4453B6EAE9}.Release|Any CPU.ActiveCfg = Release|Any CPU
		{B8FF10DF-2BA5-4564-B769-9B4453B6EAE9}.Release|Any CPU.Build.0 = Release|Any CPU
	EndGlobalSection
	GlobalSection(SolutionProperties) = preSolution
		HideSolutionNode = FALSE
	EndGlobalSection
	GlobalSection(NestedProjects) = preSolution
		{5E6765F0-A3A7-4D1F-937D-BC703048FCEF} = {6F7AFA72-0880-4FFC-B102-CADF243DBF22}
		{DFD50CD7-D3F1-465A-B719-FB411543F6F5} = {6F7AFA72-0880-4FFC-B102-CADF243DBF22}
		{701DF226-C3B7-406C-BD70-0ADC41D67541} = {6F7AFA72-0880-4FFC-B102-CADF243DBF22}
		{69207F74-2857-4B95-805F-27B56F580F46} = {E3E8F52E-236D-4D09-8EA8-7894D3112B75}
		{F83A9EA2-0F54-4474-85F3-4493283E2700} = {E3E8F52E-236D-4D09-8EA8-7894D3112B75}
		{BD9B1193-D463-4779-B9CD-C33010D68E12} = {E3E8F52E-236D-4D09-8EA8-7894D3112B75}
		{5C8A2F33-FF5D-431B-AC9B-F4273AD3A03F} = {1A2ADB5C-E9A1-4C45-9C44-EC116298603C}
		{9AB01B39-0095-4F8C-A514-E67E5B25B24F} = {1A2ADB5C-E9A1-4C45-9C44-EC116298603C}
		{7F50F97E-0507-41D7-8C89-614E367044A9} = {1A2ADB5C-E9A1-4C45-9C44-EC116298603C}
		{E4A10E62-4661-43FE-AA76-A9884AC1A226} = {64BF3DA4-239F-417C-8253-EE598BDEA464}
		{876E372A-618E-4092-8EC2-2FE34850DB5D} = {64BF3DA4-239F-417C-8253-EE598BDEA464}
		{3547AA1A-C812-4F68-9456-74ACC7262076} = {64BF3DA4-239F-417C-8253-EE598BDEA464}
		{8E2BE71E-6A73-43F6-BF8D-7B1E19F3BE68} = {8CE69BCC-89BD-49E5-B33D-59486C4B70EB}
		{EC2BD0E5-843C-4CC3-914B-2C12494A8184} = {8CE69BCC-89BD-49E5-B33D-59486C4B70EB}
		{AE57C982-9CFD-42CD-A09E-94C0533D7848} = {8CE69BCC-89BD-49E5-B33D-59486C4B70EB}
		{4FA7537A-0727-4503-B814-52D176642814} = {9CE3EF99-9AD7-455A-AACC-DAA1A43701E8}
		{A48907D3-A36D-4B68-B684-7A4C1812CB4B} = {9CE3EF99-9AD7-455A-AACC-DAA1A43701E8}
		{86CF1EC4-3FC5-4200-BC04-216504892E15} = {9CE3EF99-9AD7-455A-AACC-DAA1A43701E8}
		{DCD17773-4FBD-4C86-A590-44EEA38B441A} = {3287055F-2F23-4661-A705-2998B97AEF5F}
		{EE7B8A42-6B8D-4BA3-9D2E-27B0D2F22717} = {3287055F-2F23-4661-A705-2998B97AEF5F}
		{89931A3F-E714-4AD3-9930-D8BFE9ACE4F4} = {3287055F-2F23-4661-A705-2998B97AEF5F}
		{C2E79E6C-7A44-4A33-AD71-0535BD06D483} = {34B767CF-4687-462F-BB0D-7517B137401D}
		{8E4AC5AA-933B-4056-B6BC-E70126D1B423} = {34B767CF-4687-462F-BB0D-7517B137401D}
		{B8FF10DF-2BA5-4564-B769-9B4453B6EAE9} = {34B767CF-4687-462F-BB0D-7517B137401D}
	EndGlobalSection
	GlobalSection(ExtensibilityGlobals) = postSolution
		SolutionGuid = {B914EEEA-7163-40DC-9A1E-9F2DE2B5A2A8}
	EndGlobalSection
EndGlobal
